
Microsoft Visual Studio Solution File, Format Version 12.00
# Visual Studio Version 17
VisualStudioVersion = 17.0.31903.59
MinimumVisualStudioVersion = 10.0.40219.1
Project("{2150E333-8FDC-42A3-9474-1A3956D46DE8}") = "src", "src", "{FC3CBD5D-4E4E-40B9-A1F2-7876E71F7BA5}"
EndProject
Project("{FAE04EC0-301F-11D3-BF4B-00C04F79EFBC}") = "AuctionService", "src\AuctionService\AuctionService.csproj", "{6D201ADB-859E-4B18-B0A5-4DC07C949AFC}"
EndProject
Project("{FAE04EC0-301F-11D3-BF4B-00C04F79EFBC}") = "SearchService", "src\SearchService\SearchService.csproj", "{E477F334-31B9-4003-99BA-C444EE8836EC}"
EndProject
Project("{FAE04EC0-301F-11D3-BF4B-00C04F79EFBC}") = "Contracts", "src\Contracts\Contracts.csproj", "{2F8921D5-CC42-4B85-81E8-2B9F303FE63E}"
EndProject
Project("{FAE04EC0-301F-11D3-BF4B-00C04F79EFBC}") = "IdentityService", "src\IdentityService\IdentityService.csproj", "{E66169F4-F696-4C74-8534-D8239CB5E878}"
EndProject
Global
	GlobalSection(SolutionConfigurationPlatforms) = preSolution
		Debug|Any CPU = Debug|Any CPU
		Release|Any CPU = Release|Any CPU
	EndGlobalSection
	GlobalSection(SolutionProperties) = preSolution
		HideSolutionNode = FALSE
	EndGlobalSection
	GlobalSection(ProjectConfigurationPlatforms) = postSolution
		{6D201ADB-859E-4B18-B0A5-4DC07C949AFC}.Debug|Any CPU.ActiveCfg = Debug|Any CPU
		{6D201ADB-859E-4B18-B0A5-4DC07C949AFC}.Debug|Any CPU.Build.0 = Debug|Any CPU
		{6D201ADB-859E-4B18-B0A5-4DC07C949AFC}.Release|Any CPU.ActiveCfg = Release|Any CPU
		{6D201ADB-859E-4B18-B0A5-4DC07C949AFC}.Release|Any CPU.Build.0 = Release|Any CPU
		{E477F334-31B9-4003-99BA-C444EE8836EC}.Debug|Any CPU.ActiveCfg = Debug|Any CPU
		{E477F334-31B9-4003-99BA-C444EE8836EC}.Debug|Any CPU.Build.0 = Debug|Any CPU
		{E477F334-31B9-4003-99BA-C444EE8836EC}.Release|Any CPU.ActiveCfg = Release|Any CPU
		{E477F334-31B9-4003-99BA-C444EE8836EC}.Release|Any CPU.Build.0 = Release|Any CPU
		{2F8921D5-CC42-4B85-81E8-2B9F303FE63E}.Debug|Any CPU.ActiveCfg = Debug|Any CPU
		{2F8921D5-CC42-4B85-81E8-2B9F303FE63E}.Debug|Any CPU.Build.0 = Debug|Any CPU
		{2F8921D5-CC42-4B85-81E8-2B9F303FE63E}.Release|Any CPU.ActiveCfg = Release|Any CPU
		{2F8921D5-CC42-4B85-81E8-2B9F303FE63E}.Release|Any CPU.Build.0 = Release|Any CPU
		{E66169F4-F696-4C74-8534-D8239CB5E878}.Debug|Any CPU.ActiveCfg = Debug|Any CPU
		{E66169F4-F696-4C74-8534-D8239CB5E878}.Debug|Any CPU.Build.0 = Debug|Any CPU
		{E66169F4-F696-4C74-8534-D8239CB5E878}.Release|Any CPU.ActiveCfg = Release|Any CPU
		{E66169F4-F696-4C74-8534-D8239CB5E878}.Release|Any CPU.Build.0 = Release|Any CPU
	EndGlobalSection
	GlobalSection(NestedProjects) = preSolution
		{6D201ADB-859E-4B18-B0A5-4DC07C949AFC} = {FC3CBD5D-4E4E-40B9-A1F2-7876E71F7BA5}
		{E477F334-31B9-4003-99BA-C444EE8836EC} = {FC3CBD5D-4E4E-40B9-A1F2-7876E71F7BA5}
		{2F8921D5-CC42-4B85-81E8-2B9F303FE63E} = {FC3CBD5D-4E4E-40B9-A1F2-7876E71F7BA5}
		{E66169F4-F696-4C74-8534-D8239CB5E878} = {FC3CBD5D-4E4E-40B9-A1F2-7876E71F7BA5}
	EndGlobalSection
EndGlobal
